{
  "nodes": {
    "flake-utils": {
      "locked": {
        "lastModified": 1680776469,
        "narHash": "sha256-3CXUDK/3q/kieWtdsYpDOBJw3Gw4Af6x+2EiSnIkNQw=",
        "owner": "numtide",
        "repo": "flake-utils",
        "rev": "411e8764155aa9354dbcd6d5faaeb97e9e3dce24",
        "type": "github"
      },
      "original": {
        "owner": "numtide",
        "repo": "flake-utils",
        "type": "github"
      }
    },
    "nixpkgs": {
      "locked": {
        "lastModified": 1680669251,
        "narHash": "sha256-AVNE+0u4HlI3v96KCXE9risH7NKqj0QDLLfSckYXIbA=",
        "owner": "NixOS",
        "repo": "nixpkgs",
        "rev": "9c8ff8b426a8b07b9e0a131ac3218740dc85ba1e",
        "type": "github"
      },
      "original": {
        "owner": "NixOS",
        "ref": "nixos-unstable",
        "repo": "nixpkgs",
        "type": "github"
      }
    },
    "nixpkgs-crate2nix": {
      "locked": {
        "lastModified": 1680864070,
        "narHash": "sha256-YQ74bK6+3F2DTwr9M4xORwSUjl1vvtBYuYYu9ABbo1M=",
        "owner": "erictapen",
        "repo": "nixpkgs",
        "rev": "49aa11887576a5aea50b0ccb7c20fae8410b7cc8",
        "type": "github"
      },
      "original": {
        "owner": "erictapen",
        "ref": "crate2nix",
        "repo": "nixpkgs",
        "type": "github"
      }
    },
    "root": {
      "inputs": {
        "flake-utils": "flake-utils",
        "nixpkgs": "nixpkgs",
        "nixpkgs-crate2nix": "nixpkgs-crate2nix"
      }
    }
  },
  "root": "root",
  "version": 7
}
